Microsoft Visual Studio Solution File, Format Version 12.00
# Visual Studio 2012
Project("{FAE04EC0-301F-11D3-BF4B-00C04F79EFBC}") = "Forms", "Forms.csproj", "{AFFF54D8-0636-4A60-A856-FC90856DACB5}"
EndProject
Global
	GlobalSection(SolutionConfigurationPlatforms) = preSolution
	Debug|Any CPU = Debug|Any CPU
	ExportDebug|Any CPU = ExportDebug|Any CPU
	ExportRelease|Any CPU = ExportRelease|Any CPU
	EndGlobalSection
	GlobalSection(ProjectConfigurationPlatforms) = postSolution
		{AFFF54D8-0636-4A60-A856-FC90856DACB5}.Debug|Any CPU.ActiveCfg = Debug|Any CPU
		{AFFF54D8-0636-4A60-A856-FC90856DACB5}.Debug|Any CPU.Build.0 = Debug|Any CPU
		{AFFF54D8-0636-4A60-A856-FC90856DACB5}.ExportDebug|Any CPU.ActiveCfg = ExportDebug|Any CPU
		{AFFF54D8-0636-4A60-A856-FC90856DACB5}.ExportDebug|Any CPU.Build.0 = ExportDebug|Any CPU
		{AFFF54D8-0636-4A60-A856-FC90856DACB5}.ExportRelease|Any CPU.ActiveCfg = ExportRelease|Any CPU
		{AFFF54D8-0636-4A60-A856-FC90856DACB5}.ExportRelease|Any CPU.Build.0 = ExportRelease|Any CPU
	EndGlobalSection
EndGlobal
